
Microsoft Visual Studio Solution File, Format Version 12.00
# Visual Studio Version 17
VisualStudioVersion = 17.10.35027.167
MinimumVisualStudioVersion = 10.0.40219.1
Project("{FAE04EC0-301F-11D3-BF4B-00C04F79EFBC}") = "Code_Snippet_Management_API", "Code_Snippet_Management_API\Code_Snippet_Management_API.csproj", "{4E80DF5B-3AC0-444E-8867-A3FEA3758ADE}"
EndProject
Global
	GlobalSection(SolutionConfigurationPlatforms) = preSolution
		Debug|Any CPU = Debug|Any CPU
		Release|Any CPU = Release|Any CPU
	EndGlobalSection
	GlobalSection(ProjectConfigurationPlatforms) = postSolution
		{4E80DF5B-3AC0-444E-8867-A3FEA3758ADE}.Debug|Any CPU.ActiveCfg = Debug|Any CPU
		{4E80DF5B-3AC0-444E-8867-A3FEA3758ADE}.Debug|Any CPU.Build.0 = Debug|Any CPU
		{4E80DF5B-3AC0-444E-8867-A3FEA3758ADE}.Release|Any CPU.ActiveCfg = Release|Any CPU
		{4E80DF5B-3AC0-444E-8867-A3FEA3758ADE}.Release|Any CPU.Build.0 = Release|Any CPU
	EndGlobalSection
	GlobalSection(SolutionProperties) = preSolution
		HideSolutionNode = FALSE
	EndGlobalSection
	GlobalSection(ExtensibilityGlobals) = postSolution
		SolutionGuid = {4D567128-C230-49D7-91B5-8D36B17EC651}
	EndGlobalSection
EndGlobal
